
Microsoft Visual Studio Solution File, Format Version 12.00
# Visual Studio Version 16
VisualStudioVersion = 16.0.28822.285
MinimumVisualStudioVersion = 10.0.40219.1
Project("{9A19103F-16F7-4668-BE54-9A1E7A4F7556}") = "Shop.Common", "Shop.Common\Shop.Common.csproj", "{1A465C99-89DE-403F-878F-1CF1C3F7722D}"
EndProject
Project("{2150E333-8FDC-42A3-9474-1A3956D46DE8}") = "Backend", "Backend", "{D2076567-A8E5-4441-BE71-939D58B9EA16}"
EndProject
Project("{2150E333-8FDC-42A3-9474-1A3956D46DE8}") = "FrontEnd", "FrontEnd", "{C4F74AC7-08DD-40EB-818F-B34C445CF044}"
EndProject
Project("{9A19103F-16F7-4668-BE54-9A1E7A4F7556}") = "Shop.Web", "Shop.Web\Shop.Web.csproj", "{6E5729CE-A511-466F-BDE1-BB06AC063DA9}"
EndProject
Project("{2150E333-8FDC-42A3-9474-1A3956D46DE8}") = "Forms", "Forms", "{814CB8FE-FCF0-469F-82BF-C375676B44E1}"
EndProject
Project("{2150E333-8FDC-42A3-9474-1A3956D46DE8}") = "Classic", "Classic", "{C984FB9B-73EF-42AA-BF83-DF0565F65A15}"
EndProject
Project("{FAE04EC0-301F-11D3-BF4B-00C04F79EFBC}") = "Shop.UIForms.Android", "Shop.UIForms\Shop.UIForms.Android\Shop.UIForms.Android.csproj", "{75A0BCA9-7B64-47FB-A41A-F4E239218158}"
EndProject
Project("{FAE04EC0-301F-11D3-BF4B-00C04F79EFBC}") = "Shop.UIForms.iOS", "Shop.UIForms\Shop.UIForms.iOS\Shop.UIForms.iOS.csproj", "{0DE94E5E-EDF0-413D-B193-EFFA76289D09}"
EndProject
Project("{FAE04EC0-301F-11D3-BF4B-00C04F79EFBC}") = "Shop.UIForms", "Shop.UIForms\Shop.UIForms\Shop.UIForms.csproj", "{14DF750E-1D13-4D90-B2A4-633DD5B9F821}"
EndProject
Project("{FAE04EC0-301F-11D3-BF4B-00C04F79EFBC}") = "Shop.UIClassic", "Shop.UIClassic\Shop.UIClassic.csproj", "{E8F148D0-A0CB-4936-9959-63313FEC64B2}"
EndProject
Project("{FAE04EC0-301F-11D3-BF4B-00C04F79EFBC}") = "Shop.UIClassic.Android", "Shop.UIClassic.Android\Shop.UIClassic.Android.csproj", "{8D10C7C6-5A8F-4F9A-BE0F-16F6845A5FCE}"
EndProject
Project("{FAE04EC0-301F-11D3-BF4B-00C04F79EFBC}") = "Shop.UIClassic.iOS", "Shop.UIClassic.iOS\Shop.UIClassic.iOS.csproj", "{EB887385-B161-495F-BB15-E1AFCDFEC977}"
EndProject
Global
	GlobalSection(SolutionConfigurationPlatforms) = preSolution
		Debug|Any CPU = Debug|Any CPU
		Debug|iPhone = Debug|iPhone
		Debug|iPhoneSimulator = Debug|iPhoneSimulator
		Release|Any CPU = Release|Any CPU
		Release|iPhone = Release|iPhone
		Release|iPhoneSimulator = Release|iPhoneSimulator
	EndGlobalSection
	GlobalSection(ProjectConfigurationPlatforms) = postSolution
		{1A465C99-89DE-403F-878F-1CF1C3F7722D}.Debug|Any CPU.ActiveCfg = Debug|Any CPU
		{1A465C99-89DE-403F-878F-1CF1C3F7722D}.Debug|Any CPU.Build.0 = Debug|Any CPU
		{1A465C99-89DE-403F-878F-1CF1C3F7722D}.Debug|iPhone.ActiveCfg = Debug|Any CPU
		{1A465C99-89DE-403F-878F-1CF1C3F7722D}.Debug|iPhone.Build.0 = Debug|Any CPU
		{1A465C99-89DE-403F-878F-1CF1C3F7722D}.Debug|iPhoneSimulator.ActiveCfg = Debug|Any CPU
		{1A465C99-89DE-403F-878F-1CF1C3F7722D}.Debug|iPhoneSimulator.Build.0 = Debug|Any CPU
		{1A465C99-89DE-403F-878F-1CF1C3F7722D}.Release|Any CPU.ActiveCfg = Release|Any CPU
		{1A465C99-89DE-403F-878F-1CF1C3F7722D}.Release|Any CPU.Build.0 = Release|Any CPU
		{1A465C99-89DE-403F-878F-1CF1C3F7722D}.Release|iPhone.ActiveCfg = Release|Any CPU
		{1A465C99-89DE-403F-878F-1CF1C3F7722D}.Release|iPhone.Build.0 = Release|Any CPU
		{1A465C99-89DE-403F-878F-1CF1C3F7722D}.Release|iPhoneSimulator.ActiveCfg = Release|Any CPU
		{1A465C99-89DE-403F-878F-1CF1C3F7722D}.Release|iPhoneSimulator.Build.0 = Release|Any CPU
		{6E5729CE-A511-466F-BDE1-BB06AC063DA9}.Debug|Any CPU.ActiveCfg = Debug|Any CPU
		{6E5729CE-A511-466F-BDE1-BB06AC063DA9}.Debug|Any CPU.Build.0 = Debug|Any CPU
		{6E5729CE-A511-466F-BDE1-BB06AC063DA9}.Debug|iPhone.ActiveCfg = Debug|Any CPU
		{6E5729CE-A511-466F-BDE1-BB06AC063DA9}.Debug|iPhone.Build.0 = Debug|Any CPU
		{6E5729CE-A511-466F-BDE1-BB06AC063DA9}.Debug|iPhoneSimulator.ActiveCfg = Debug|Any CPU
		{6E5729CE-A511-466F-BDE1-BB06AC063DA9}.Debug|iPhoneSimulator.Build.0 = Debug|Any CPU
		{6E5729CE-A511-466F-BDE1-BB06AC063DA9}.Release|Any CPU.ActiveCfg = Release|Any CPU
		{6E5729CE-A511-466F-BDE1-BB06AC063DA9}.Release|Any CPU.Build.0 = Release|Any CPU
		{6E5729CE-A511-466F-BDE1-BB06AC063DA9}.Release|iPhone.ActiveCfg = Release|Any CPU
		{6E5729CE-A511-466F-BDE1-BB06AC063DA9}.Release|iPhone.Build.0 = Release|Any CPU
		{6E5729CE-A511-466F-BDE1-BB06AC063DA9}.Release|iPhoneSimulator.ActiveCfg = Release|Any CPU
		{6E5729CE-A511-466F-BDE1-BB06AC063DA9}.Release|iPhoneSimulator.Build.0 = Release|Any CPU
		{75A0BCA9-7B64-47FB-A41A-F4E239218158}.Debug|Any CPU.ActiveCfg = Debug|Any CPU
		{75A0BCA9-7B64-47FB-A41A-F4E239218158}.Debug|Any CPU.Build.0 = Debug|Any CPU
		{75A0BCA9-7B64-47FB-A41A-F4E239218158}.Debug|Any CPU.Deploy.0 = Debug|Any CPU
		{75A0BCA9-7B64-47FB-A41A-F4E239218158}.Debug|iPhone.ActiveCfg = Debug|Any CPU
		{75A0BCA9-7B64-47FB-A41A-F4E239218158}.Debug|iPhone.Build.0 = Debug|Any CPU
		{75A0BCA9-7B64-47FB-A41A-F4E239218158}.Debug|iPhone.Deploy.0 = Debug|Any CPU
		{75A0BCA9-7B64-47FB-A41A-F4E239218158}.Debug|iPhoneSimulator.ActiveCfg = Debug|Any CPU
		{75A0BCA9-7B64-47FB-A41A-F4E239218158}.Debug|iPhoneSimulator.Build.0 = Debug|Any CPU
		{75A0BCA9-7B64-47FB-A41A-F4E239218158}.Debug|iPhoneSimulator.Deploy.0 = Debug|Any CPU
		{75A0BCA9-7B64-47FB-A41A-F4E239218158}.Release|Any CPU.ActiveCfg = Release|Any CPU
		{75A0BCA9-7B64-47FB-A41A-F4E239218158}.Release|Any CPU.Build.0 = Release|Any CPU
		{75A0BCA9-7B64-47FB-A41A-F4E239218158}.Release|Any CPU.Deploy.0 = Release|Any CPU
		{75A0BCA9-7B64-47FB-A41A-F4E239218158}.Release|iPhone.ActiveCfg = Release|Any CPU
		{75A0BCA9-7B64-47FB-A41A-F4E239218158}.Release|iPhone.Build.0 = Release|Any CPU
		{75A0BCA9-7B64-47FB-A41A-F4E239218158}.Release|iPhone.Deploy.0 = Release|Any CPU
		{75A0BCA9-7B64-47FB-A41A-F4E239218158}.Release|iPhoneSimulator.ActiveCfg = Release|Any CPU
		{75A0BCA9-7B64-47FB-A41A-F4E239218158}.Release|iPhoneSimulator.Build.0 = Release|Any CPU
		{75A0BCA9-7B64-47FB-A41A-F4E239218158}.Release|iPhoneSimulator.Deploy.0 = Release|Any CPU
		{0DE94E5E-EDF0-413D-B193-EFFA76289D09}.Debug|Any CPU.ActiveCfg = Debug|iPhoneSimulator
		{0DE94E5E-EDF0-413D-B193-EFFA76289D09}.Debug|iPhone.ActiveCfg = Debug|iPhone
		{0DE94E5E-EDF0-413D-B193-EFFA76289D09}.Debug|iPhone.Build.0 = Debug|iPhone
		{0DE94E5E-EDF0-413D-B193-EFFA76289D09}.Debug|iPhoneSimulator.ActiveCfg = Debug|iPhoneSimulator
		{0DE94E5E-EDF0-413D-B193-EFFA76289D09}.Debug|iPhoneSimulator.Build.0 = Debug|iPhoneSimulator
		{0DE94E5E-EDF0-413D-B193-EFFA76289D09}.Release|Any CPU.ActiveCfg = Release|iPhoneSimulator
		{0DE94E5E-EDF0-413D-B193-EFFA76289D09}.Release|iPhone.ActiveCfg = Release|iPhone
		{0DE94E5E-EDF0-413D-B193-EFFA76289D09}.Release|iPhone.Build.0 = Release|iPhone
		{0DE94E5E-EDF0-413D-B193-EFFA76289D09}.Release|iPhoneSimulator.ActiveCfg = Release|iPhoneSimulator
		{0DE94E5E-EDF0-413D-B193-EFFA76289D09}.Release|iPhoneSimulator.Build.0 = Release|iPhoneSimulator
		{14DF750E-1D13-4D90-B2A4-633DD5B9F821}.Debug|Any CPU.ActiveCfg = Debug|Any CPU
		{14DF750E-1D13-4D90-B2A4-633DD5B9F821}.Debug|Any CPU.Build.0 = Debug|Any CPU
		{14DF750E-1D13-4D90-B2A4-633DD5B9F821}.Debug|iPhone.ActiveCfg = Debug|Any CPU
		{14DF750E-1D13-4D90-B2A4-633DD5B9F821}.Debug|iPhone.Build.0 = Debug|Any CPU
		{14DF750E-1D13-4D90-B2A4-633DD5B9F821}.Debug|iPhoneSimulator.ActiveCfg = Debug|Any CPU
		{14DF750E-1D13-4D90-B2A4-633DD5B9F821}.Debug|iPhoneSimulator.Build.0 = Debug|Any CPU
		{14DF750E-1D13-4D90-B2A4-633DD5B9F821}.Release|Any CPU.ActiveCfg = Release|Any CPU
		{14DF750E-1D13-4D90-B2A4-633DD5B9F821}.Release|Any CPU.Build.0 = Release|Any CPU
		{14DF750E-1D13-4D90-B2A4-633DD5B9F821}.Release|iPhone.ActiveCfg = Release|Any CPU
		{14DF750E-1D13-4D90-B2A4-633DD5B9F821}.Release|iPhone.Build.0 = Release|Any CPU
		{14DF750E-1D13-4D90-B2A4-633DD5B9F821}.Release|iPhoneSimulator.ActiveCfg = Release|Any CPU
		{14DF750E-1D13-4D90-B2A4-633DD5B9F821}.Release|iPhoneSimulator.Build.0 = Release|Any CPU
		{E8F148D0-A0CB-4936-9959-63313FEC64B2}.Debug|Any CPU.ActiveCfg = Debug|Any CPU
		{E8F148D0-A0CB-4936-9959-63313FEC64B2}.Debug|Any CPU.Build.0 = Debug|Any CPU
		{E8F148D0-A0CB-4936-9959-63313FEC64B2}.Debug|iPhone.ActiveCfg = Debug|Any CPU
		{E8F148D0-A0CB-4936-9959-63313FEC64B2}.Debug|iPhone.Build.0 = Debug|Any CPU
		{E8F148D0-A0CB-4936-9959-63313FEC64B2}.Debug|iPhoneSimulator.ActiveCfg = Debug|Any CPU
		{E8F148D0-A0CB-4936-9959-63313FEC64B2}.Debug|iPhoneSimulator.Build.0 = Debug|Any CPU
		{E8F148D0-A0CB-4936-9959-63313FEC64B2}.Release|Any CPU.ActiveCfg = Release|Any CPU
		{E8F148D0-A0CB-4936-9959-63313FEC64B2}.Release|Any CPU.Build.0 = Release|Any CPU
		{E8F148D0-A0CB-4936-9959-63313FEC64B2}.Release|iPhone.ActiveCfg = Release|Any CPU
		{E8F148D0-A0CB-4936-9959-63313FEC64B2}.Release|iPhone.Build.0 = Release|Any CPU
		{E8F148D0-A0CB-4936-9959-63313FEC64B2}.Release|iPhoneSimulator.ActiveCfg = Release|Any CPU
		{E8F148D0-A0CB-4936-9959-63313FEC64B2}.Release|iPhoneSimulator.Build.0 = Release|Any CPU
		{8D10C7C6-5A8F-4F9A-BE0F-16F6845A5FCE}.Debug|Any CPU.ActiveCfg = Debug|Any CPU
		{8D10C7C6-5A8F-4F9A-BE0F-16F6845A5FCE}.Debug|Any CPU.Build.0 = Debug|Any CPU
		{8D10C7C6-5A8F-4F9A-BE0F-16F6845A5FCE}.Debug|Any CPU.Deploy.0 = Debug|Any CPU
		{8D10C7C6-5A8F-4F9A-BE0F-16F6845A5FCE}.Debug|iPhone.ActiveCfg = Debug|Any CPU
		{8D10C7C6-5A8F-4F9A-BE0F-16F6845A5FCE}.Debug|iPhone.Build.0 = Debug|Any CPU
		{8D10C7C6-5A8F-4F9A-BE0F-16F6845A5FCE}.Debug|iPhone.Deploy.0 = Debug|Any CPU
		{8D10C7C6-5A8F-4F9A-BE0F-16F6845A5FCE}.Debug|iPhoneSimulator.ActiveCfg = Debug|Any CPU
		{8D10C7C6-5A8F-4F9A-BE0F-16F6845A5FCE}.Debug|iPhoneSimulator.Build.0 = Debug|Any CPU
		{8D10C7C6-5A8F-4F9A-BE0F-16F6845A5FCE}.Debug|iPhoneSimulator.Deploy.0 = Debug|Any CPU
		{8D10C7C6-5A8F-4F9A-BE0F-16F6845A5FCE}.Release|Any CPU.ActiveCfg = Release|Any CPU
		{8D10C7C6-5A8F-4F9A-BE0F-16F6845A5FCE}.Release|Any CPU.Build.0 = Release|Any CPU
		{8D10C7C6-5A8F-4F9A-BE0F-16F6845A5FCE}.Release|Any CPU.Deploy.0 = Release|Any CPU
		{8D10C7C6-5A8F-4F9A-BE0F-16F6845A5FCE}.Release|iPhone.ActiveCfg = Release|Any CPU
		{8D10C7C6-5A8F-4F9A-BE0F-16F6845A5FCE}.Release|iPhone.Build.0 = Release|Any CPU
		{8D10C7C6-5A8F-4F9A-BE0F-16F6845A5FCE}.Release|iPhone.Deploy.0 = Release|Any CPU
		{8D10C7C6-5A8F-4F9A-BE0F-16F6845A5FCE}.Release|iPhoneSimulator.ActiveCfg = Release|Any CPU
		{8D10C7C6-5A8F-4F9A-BE0F-16F6845A5FCE}.Release|iPhoneSimulator.Build.0 = Release|Any CPU
		{8D10C7C6-5A8F-4F9A-BE0F-16F6845A5FCE}.Release|iPhoneSimulator.Deploy.0 = Release|Any CPU
		{EB887385-B161-495F-BB15-E1AFCDFEC977}.Debug|Any CPU.ActiveCfg = Debug|iPhoneSimulator
		{EB887385-B161-495F-BB15-E1AFCDFEC977}.Debug|iPhone.ActiveCfg = Debug|iPhone
		{EB887385-B161-495F-BB15-E1AFCDFEC977}.Debug|iPhone.Build.0 = Debug|iPhone
		{EB887385-B161-495F-BB15-E1AFCDFEC977}.Debug|iPhoneSimulator.ActiveCfg = Debug|iPhoneSimulator
		{EB887385-B161-495F-BB15-E1AFCDFEC977}.Debug|iPhoneSimulator.Build.0 = Debug|iPhoneSimulator
		{EB887385-B161-495F-BB15-E1AFCDFEC977}.Release|Any CPU.ActiveCfg = Release|iPhoneSimulator
		{EB887385-B161-495F-BB15-E1AFCDFEC977}.Release|iPhone.ActiveCfg = Release|iPhone
		{EB887385-B161-495F-BB15-E1AFCDFEC977}.Release|iPhone.Build.0 = Release|iPhone
		{EB887385-B161-495F-BB15-E1AFCDFEC977}.Release|iPhoneSimulator.ActiveCfg = Release|iPhoneSimulator
		{EB887385-B161-495F-BB15-E1AFCDFEC977}.Release|iPhoneSimulator.Build.0 = Release|iPhoneSimulator
	EndGlobalSection
	GlobalSection(SolutionProperties) = preSolution
		HideSolutionNode = FALSE
	EndGlobalSection
	GlobalSection(NestedProjects) = preSolution
		{6E5729CE-A511-466F-BDE1-BB06AC063DA9} = {D2076567-A8E5-4441-BE71-939D58B9EA16}
		{814CB8FE-FCF0-469F-82BF-C375676B44E1} = {C4F74AC7-08DD-40EB-818F-B34C445CF044}
		{C984FB9B-73EF-42AA-BF83-DF0565F65A15} = {C4F74AC7-08DD-40EB-818F-B34C445CF044}
		{75A0BCA9-7B64-47FB-A41A-F4E239218158} = {814CB8FE-FCF0-469F-82BF-C375676B44E1}
		{0DE94E5E-EDF0-413D-B193-EFFA76289D09} = {814CB8FE-FCF0-469F-82BF-C375676B44E1}
		{14DF750E-1D13-4D90-B2A4-633DD5B9F821} = {814CB8FE-FCF0-469F-82BF-C375676B44E1}
		{E8F148D0-A0CB-4936-9959-63313FEC64B2} = {C984FB9B-73EF-42AA-BF83-DF0565F65A15}
		{8D10C7C6-5A8F-4F9A-BE0F-16F6845A5FCE} = {C984FB9B-73EF-42AA-BF83-DF0565F65A15}
		{EB887385-B161-495F-BB15-E1AFCDFEC977} = {C984FB9B-73EF-42AA-BF83-DF0565F65A15}
	EndGlobalSection
	GlobalSection(ExtensibilityGlobals) = postSolution
		SolutionGuid = {EC43852E-D275-4805-A253-4E7CDA7EB8CF}
	EndGlobalSection
EndGlobal
